
Microsoft Visual Studio Solution File, Format Version 12.00
# Visual Studio Version 17
VisualStudioVersion = 17.9.34728.123
MinimumVisualStudioVersion = 10.0.40219.1
Project("{FAE04EC0-301F-11D3-BF4B-00C04F79EFBC}") = "FileProvider", "FileProvider\FileProvider.csproj", "{27BAA8F3-D24D-4837-931D-F1E05D3CD560}"
EndProject
Project("{FAE04EC0-301F-11D3-BF4B-00C04F79EFBC}") = "Data", "Data\Data.csproj", "{A164EF67-4241-4EF3-BFA9-24FFE479491B}"
EndProject
Global
	GlobalSection(SolutionConfigurationPlatforms) = preSolution
		Debug|Any CPU = Debug|Any CPU
		Release|Any CPU = Release|Any CPU
	EndGlobalSection
	GlobalSection(ProjectConfigurationPlatforms) = postSolution
		{27BAA8F3-D24D-4837-931D-F1E05D3CD560}.Debug|Any CPU.ActiveCfg = Debug|Any CPU
		{27BAA8F3-D24D-4837-931D-F1E05D3CD560}.Debug|Any CPU.Build.0 = Debug|Any CPU
		{27BAA8F3-D24D-4837-931D-F1E05D3CD560}.Release|Any CPU.ActiveCfg = Release|Any CPU
		{27BAA8F3-D24D-4837-931D-F1E05D3CD560}.Release|Any CPU.Build.0 = Release|Any CPU
		{A164EF67-4241-4EF3-BFA9-24FFE479491B}.Debug|Any CPU.ActiveCfg = Debug|Any CPU
		{A164EF67-4241-4EF3-BFA9-24FFE479491B}.Debug|Any CPU.Build.0 = Debug|Any CPU
		{A164EF67-4241-4EF3-BFA9-24FFE479491B}.Release|Any CPU.ActiveCfg = Release|Any CPU
		{A164EF67-4241-4EF3-BFA9-24FFE479491B}.Release|Any CPU.Build.0 = Release|Any CPU
	EndGlobalSection
	GlobalSection(SolutionProperties) = preSolution
		HideSolutionNode = FALSE
	EndGlobalSection
	GlobalSection(ExtensibilityGlobals) = postSolution
		SolutionGuid = {2D25869C-AEA4-4273-8E70-39127DA3026F}
	EndGlobalSection
EndGlobal
